
Microsoft Visual Studio Solution File, Format Version 12.00
# Visual Studio 15
VisualStudioVersion = 15.0.26430.16
MinimumVisualStudioVersion = 10.0.40219.1
Project("{FAE04EC0-301F-11D3-BF4B-00C04F79EFBC}") = "TheQuest", "TheQuest\TheQuest.csproj", "{3BDB45D5-0803-408A-9EC6-E0F55A3908AB}"
EndProject
Project("{FAE04EC0-301F-11D3-BF4B-00C04F79EFBC}") = "TheQuestTests", "TheQuestTests\TheQuestTests.csproj", "{8742D634-8BBE-4C65-B0CF-B2FC2C4CE46D}"
EndProject
Global
	GlobalSection(SolutionConfigurationPlatforms) = preSolution
		Debug|Any CPU = Debug|Any CPU
		Release|Any CPU = Release|Any CPU
	EndGlobalSection
	GlobalSection(ProjectConfigurationPlatforms) = postSolution
		{3BDB45D5-0803-408A-9EC6-E0F55A3908AB}.Debug|Any CPU.ActiveCfg = Debug|Any CPU
		{3BDB45D5-0803-408A-9EC6-E0F55A3908AB}.Debug|Any CPU.Build.0 = Debug|Any CPU
		{3BDB45D5-0803-408A-9EC6-E0F55A3908AB}.Release|Any CPU.ActiveCfg = Release|Any CPU
		{3BDB45D5-0803-408A-9EC6-E0F55A3908AB}.Release|Any CPU.Build.0 = Release|Any CPU
		{8742D634-8BBE-4C65-B0CF-B2FC2C4CE46D}.Debug|Any CPU.ActiveCfg = Debug|Any CPU
		{8742D634-8BBE-4C65-B0CF-B2FC2C4CE46D}.Debug|Any CPU.Build.0 = Debug|Any CPU
		{8742D634-8BBE-4C65-B0CF-B2FC2C4CE46D}.Release|Any CPU.ActiveCfg = Release|Any CPU
		{8742D634-8BBE-4C65-B0CF-B2FC2C4CE46D}.Release|Any CPU.Build.0 = Release|Any CPU
	EndGlobalSection
	GlobalSection(SolutionProperties) = preSolution
		HideSolutionNode = FALSE
	EndGlobalSection
EndGlobal
